
Microsoft Visual Studio Solution File, Format Version 12.00
# Visual Studio Version 17
VisualStudioVersion = 17.14.36327.8 d17.14
MinimumVisualStudioVersion = 10.0.40219.1
Project("{FAE04EC0-301F-11D3-BF4B-00C04F79EFBC}") = "PortfolioSignalWorker", "PortfolioSignalWorker.csproj", "{6B3B1491-1545-C543-16A3-758FBB3999B8}"
EndProject
Global
	GlobalSection(SolutionConfigurationPlatforms) = preSolution
		Debug|Any CPU = Debug|Any CPU
		Release|Any CPU = Release|Any CPU
	EndGlobalSection
	GlobalSection(ProjectConfigurationPlatforms) = postSolution
		{6B3B1491-1545-C543-16A3-758FBB3999B8}.Debug|Any CPU.ActiveCfg = Debug|Any CPU
		{6B3B1491-1545-C543-16A3-758FBB3999B8}.Debug|Any CPU.Build.0 = Debug|Any CPU
		{6B3B1491-1545-C543-16A3-758FBB3999B8}.Release|Any CPU.ActiveCfg = Release|Any CPU
		{6B3B1491-1545-C543-16A3-758FBB3999B8}.Release|Any CPU.Build.0 = Release|Any CPU
	EndGlobalSection
	GlobalSection(SolutionProperties) = preSolution
		HideSolutionNode = FALSE
	EndGlobalSection
	GlobalSection(ExtensibilityGlobals) = postSolution
		SolutionGuid = {62628E3E-5EA1-4227-8C18-E257DF0D1D27}
	EndGlobalSection
EndGlobal
